{
  "name": "blazorfabricreact.webtest",
  "version": "1.0.0",
  "lockfileVersion": 1,
  "requires": true,
  "dependencies": {
    "@microsoft/load-themed-styles": {
      "version": "1.8.89",
      "resolved": "https://registry.npmjs.org/@microsoft/load-themed-styles/-/load-themed-styles-1.8.89.tgz",
      "integrity": "sha512-0Ib811ohD4lU439k0yswTwua8JZjQBaHrrM6HAgq5KbTZCRW3FtPd9rCKSvtCFcaFFcuzNGsg7PHkByo2XQAww=="
    },
    "@uifabric/foundation": {
      "version": "0.7.4",
      "resolved": "https://registry.npmjs.org/@uifabric/foundation/-/foundation-0.7.4.tgz",
      "integrity": "sha512-hE7JiCvZuG0O7HOmeC3lIX9+KAXxnt9JTgQJw/MD/unnzSm0l/WqXb6bpCuYRVZuSvgEp9DcP/yn3iphJlRh5w==",
      "requires": {
        "@uifabric/set-version": "^1.1.3",
        "@uifabric/styling": "^6.45.2",
        "@uifabric/utilities": "^6.35.3",
        "tslib": "^1.7.1"
      }
    },
    "@uifabric/icons": {
      "version": "6.5.1",
      "resolved": "https://registry.npmjs.org/@uifabric/icons/-/icons-6.5.1.tgz",
      "integrity": "sha512-d4JPubp1YDBUHq3fhm6X8aXFunIqQO/iURZFAVIkzPWQGsy+MG4FVr1xZTSjvn2QlV5uq50mpY8TtzwNKJRIIQ==",
      "requires": {
        "@uifabric/set-version": "^1.1.3",
        "@uifabric/styling": "^6.45.2",
        "tslib": "^1.7.1"
      }
    },
    "@uifabric/merge-styles": {
      "version": "6.17.1",
      "resolved": "https://registry.npmjs.org/@uifabric/merge-styles/-/merge-styles-6.17.1.tgz",
      "integrity": "sha512-3stMnzsOTjqmEqka2V1MnfxlhDuyVyqQ8c9CCNReHCywau5pdtmFX+8l7jNhnP5/fK954WgrKKnAp/0WlusCBg==",
      "requires": {
        "@uifabric/set-version": "^1.1.3",
        "tslib": "^1.7.1"
      }
    },
    "@uifabric/set-version": {
      "version": "1.1.3",
      "resolved": "https://registry.npmjs.org/@uifabric/set-version/-/set-version-1.1.3.tgz",
      "integrity": "sha512-IYpwVIuN7MJOeiWzZzr9AmFSvA5zc6gJn4fNHtEFIQnNB8WVWIcYrvx8Tbf7wWj9MvhdHYp70F054zZlHbL/Ag==",
      "requires": {
        "tslib": "^1.7.1"
      }
    },
    "@uifabric/styling": {
      "version": "6.47.3",
      "resolved": "https://registry.npmjs.org/@uifabric/styling/-/styling-6.47.3.tgz",
      "integrity": "sha512-foah0s/C1FEwApKUcWUhivIZz+H5A7auAyQMjOwOVwwXuDFnFZg+MiN8TqjnlrZUmg/x4ZO2oCk5uCCI2JCz/A==",
      "requires": {
        "@microsoft/load-themed-styles": "^1.7.13",
        "@uifabric/merge-styles": "^6.17.1",
        "@uifabric/set-version": "^1.1.3",
        "@uifabric/utilities": "^6.38.1",
        "tslib": "^1.7.1"
      }
    },
    "@uifabric/utilities": {
      "version": "6.38.1",
      "resolved": "https://registry.npmjs.org/@uifabric/utilities/-/utilities-6.38.1.tgz",
      "integrity": "sha512-+XYisDDfVpGuujK6GaREqYwAmd7CUTDc1/ElYHPZvm5CgXLoPSM8SWKmgQTUVUSzpwd8oIynTCWtW7PgjZGCUQ==",
      "requires": {
        "@uifabric/merge-styles": "^6.17.1",
        "@uifabric/set-version": "^1.1.3",
        "prop-types": "^15.5.10",
        "tslib": "^1.7.1"
      }
    },
    "js-tokens": {
      "version": "4.0.0",
      "resolved": "https://registry.npmjs.org/js-tokens/-/js-tokens-4.0.0.tgz",
      "integrity": "sha512-RdJUflcE3cUzKiMqQgsCu06FPu9UdIJO0beYbPhHN4k6apgJtifcoCtT9bcxOpYBtpD2kCM6Sbzg4CausW/PKQ=="
    },
    "loose-envify": {
      "version": "1.4.0",
      "resolved": "https://registry.npmjs.org/loose-envify/-/loose-envify-1.4.0.tgz",
      "integrity": "sha512-lyuxPGr/Wfhrlem2CL/UcnUc1zcqKAImBDzukY7Y5F/yQiNdko6+fRLevlw1HgMySw7f611UIY408EtxRSoK3Q==",
      "requires": {
        "js-tokens": "^3.0.0 || ^4.0.0"
      }
    },
    "object-assign": {
      "version": "4.1.1",
      "resolved": "https://registry.npmjs.org/object-assign/-/object-assign-4.1.1.tgz",
      "integrity": "sha1-IQmtx5ZYh8/AXLvUQsrIv7s2CGM="
    },
    "office-ui-fabric-react": {
      "version": "6.176.3",
      "resolved": "https://registry.npmjs.org/office-ui-fabric-react/-/office-ui-fabric-react-6.176.3.tgz",
      "integrity": "sha512-0/AMYyhjbbLf127kSVE9yuGLP2KwdYfUBddM2fRetDJdoNGkrH+Yx6hl5keBt+GhjG1QdNWZHR4GEy/+R4qjMw==",
      "requires": {
        "@microsoft/load-themed-styles": "^1.7.13",
        "@uifabric/foundation": "^0.7.4",
        "@uifabric/icons": "^6.5.1",
        "@uifabric/merge-styles": "^6.17.1",
        "@uifabric/set-version": "^1.1.3",
        "@uifabric/styling": "^6.47.3",
        "@uifabric/utilities": "^6.38.1",
        "prop-types": "^15.5.10",
        "tslib": "^1.7.1"
      }
    },
    "prop-types": {
      "version": "15.7.2",
      "resolved": "https://registry.npmjs.org/prop-types/-/prop-types-15.7.2.tgz",
      "integrity": "sha512-8QQikdH7//R2vurIJSutZ1smHYTcLpRWEOlHnzcWHmBYrOGUysKwSsrC89BCiFj3CbrfJ/nXFdJepOVrY1GCHQ==",
      "requires": {
        "loose-envify": "^1.4.0",
        "object-assign": "^4.1.1",
        "react-is": "^16.8.1"
      }
    },
    "react-is": {
      "version": "16.8.6",
      "resolved": "https://registry.npmjs.org/react-is/-/react-is-16.8.6.tgz",
      "integrity": "sha512-aUk3bHfZ2bRSVFFbbeVS4i+lNPZr3/WM5jT2J5omUVV1zzcs1nAaf3l51ctA5FFvCRbhrH0bdAsRRQddFJZPtA=="
    },
    "tslib": {
      "version": "1.9.3",
      "resolved": "https://registry.npmjs.org/tslib/-/tslib-1.9.3.tgz",
      "integrity": "sha512-4krF8scpejhaOgqzBEcGM7yDIEfi0/8+8zDRZhNZZ2kjmHJ4hv3zCbQWxoJGz1iw5U0Jl0nma13xzHXcncMavQ=="
    }
  }
}
